// !$*UTF8*$!
{
	archiveVersion = 1;
	classes = {
	};
	objectVersion = 56;
	objects = {

/* Begin PBXBuildFile section */
		9590C6922A3DFB4C00B167F2 /* AppDelegate.swift in Sources */ = {isa = PBXBuildFile; fileRef = 9590C6912A3DFB4C00B167F2 /* AppDelegate.swift */; };
		9590C6942A3DFB4C00B167F2 /* SceneDelegate.swift in Sources */ = {isa = PBXBuildFile; fileRef = 9590C6932A3DFB4C00B167F2 /* SceneDelegate.swift */; };
		9590C6962A3DFB4C00B167F2 /* ViewController.swift in Sources */ = {isa = PBXBuildFile; fileRef = 9590C6952A3DFB4C00B167F2 /* ViewController.swift */; };
		9590C6992A3DFB4C00B167F2 /* Main.storyboard in Resources */ = {isa = PBXBuildFile; fileRef = 9590C6972A3DFB4C00B167F2 /* Main.storyboard */; };
		9590C69B2A3DFB4E00B167F2 /* Assets.xcassets in Resources */ = {isa = PBXBuildFile; fileRef = 9590C69A2A3DFB4E00B167F2 /* Assets.xcassets */; };
		9590C69E2A3DFB4E00B167F2 /* LaunchScreen.storyboard in Resources */ = {isa = PBXBuildFile; fileRef = 9590C69C2A3DFB4E00B167F2 /* LaunchScreen.storyboard */; };
		9590C6A92A3DFB4E00B167F2 /* Match_4x4Tests.swift in Sources */ = {isa = PBXBuildFile; fileRef = 9590C6A82A3DFB4E00B167F2 /* Match_4x4Tests.swift */; };
		9590C6B32A3DFB4E00B167F2 /* Match_4x4UITests.swift in Sources */ = {isa = PBXBuildFile; fileRef = 9590C6B22A3DFB4E00B167F2 /* Match_4x4UITests.swift */; };
		9590C6B52A3DFB4E00B167F2 /* Match_4x4UITestsLaunchTests.swift in Sources */ = {isa = PBXBuildFile; fileRef = 9590C6B42A3DFB4E00B167F2 /* Match_4x4UITestsLaunchTests.swift */; };
/* End PBXBuildFile section */

/* Begin PBXContainerItemProxy section */
		9590C6A52A3DFB4E00B167F2 /* PBXContainerItemProxy */ = {
			isa = PBXContainerItemProxy;
			containerPortal = 9590C6862A3DFB4C00B167F2 /* Project object */;
			proxyType = 1;
			remoteGlobalIDString = 9590C68D2A3DFB4C00B167F2;
			remoteInfo = "Match 4x4";
		};
		9590C6AF2A3DFB4E00B167F2 /* PBXContainerItemProxy */ = {
			isa = PBXContainerItemProxy;
			containerPortal = 9590C6862A3DFB4C00B167F2 /* Project object */;
			proxyType = 1;
			remoteGlobalIDString = 9590C68D2A3DFB4C00B167F2;
			remoteInfo = "Match 4x4";
		};
/* End PBXContainerItemProxy section */

/* Begin PBXFileReference section */
		9590C68E2A3DFB4C00B167F2 /* Match 4x4.app */ = {isa = PBXFileReference; explicitFileType = wrapper.application; includeInIndex = 0; path = "Match 4x4.app"; sourceTree = BUILT_PRODUCTS_DIR; };
		9590C6912A3DFB4C00B167F2 /* AppDelegate.swift */ = {isa = PBXFileReference; lastKnownFileType = sourcecode.swift; path = AppDelegate.swift; sourceTree = "<group>"; };
		9590C6932A3DFB4C00B167F2 /* SceneDelegate.swift */ = {isa = PBXFileReference; lastKnownFileType = sourcecode.swift; path = SceneDelegate.swift; sourceTree = "<group>"; };
		9590C6952A3DFB4C00B167F2 /* ViewController.swift */ = {isa = PBXFileReference; lastKnownFileType = sourcecode.swift; path = ViewController.swift; sourceTree = "<group>"; };
		9590C6982A3DFB4C00B167F2 /* Base */ = {isa = PBXFileReference; lastKnownFileType = file.storyboard; name = Base; path = Base.lproj/Main.storyboard; sourceTree = "<group>"; };
		9590C69A2A3DFB4E00B167F2 /* Assets.xcassets */ = {isa = PBXFileReference; lastKnownFileType = folder.assetcatalog; path = Assets.xcassets; sourceTree = "<group>"; };
		9590C69D2A3DFB4E00B167F2 /* Base */ = {isa = PBXFileReference; lastKnownFileType = file.storyboard; name = Base; path = Base.lproj/LaunchScreen.storyboard; sourceTree = "<group>"; };
		9590C69F2A3DFB4E00B167F2 /* Info.plist */ = {isa = PBXFileReference; lastKnownFileType = text.plist.xml; path = Info.plist; sourceTree = "<group>"; };
		9590C6A42A3DFB4E00B167F2 /* Match 4x4Tests.xctest */ = {isa = PBXFileReference; explicitFileType = wrapper.cfbundle; includeInIndex = 0; path = "Match 4x4Tests.xctest"; sourceTree = BUILT_PRODUCTS_DIR; };
		9590C6A82A3DFB4E00B167F2 /* Match_4x4Tests.swift */ = {isa = PBXFileReference; lastKnownFileType = sourcecode.swift; path = Match_4x4Tests.swift; sourceTree = "<group>"; };
		9590C6AE2A3DFB4E00B167F2 /* Match 4x4UITests.xctest */ = {isa = PBXFileReference; explicitFileType = wrapper.cfbundle; includeInIndex = 0; path = "Match 4x4UITests.xctest"; sourceTree = BUILT_PRODUCTS_DIR; };
		9590C6B22A3DFB4E00B167F2 /* Match_4x4UITests.swift */ = {isa = PBXFileReference; lastKnownFileType = sourcecode.swift; path = Match_4x4UITests.swift; sourceTree = "<group>"; };
		9590C6B42A3DFB4E00B167F2 /* Match_4x4UITestsLaunchTests.swift */ = {isa = PBXFileReference; lastKnownFileType = sourcecode.swift; path = Match_4x4UITestsLaunchTests.swift; sourceTree = "<group>"; };
/* End PBXFileReference section */

/* Begin PBXFrameworksBuildPhase section */
		9590C68B2A3DFB4C00B167F2 /* Frameworks */ = {
			isa = PBXFrameworksBuildPhase;
			buildActionMask = 2147483647;
			files = (
			);
			runOnlyForDeploymentPostprocessing = 0;
		};
		9590C6A12A3DFB4E00B167F2 /* Frameworks */ = {
			isa = PBXFrameworksBuildPhase;
			buildActionMask = 2147483647;
			files = (
			);
			runOnlyForDeploymentPostprocessing = 0;
		};
		9590C6AB2A3DFB4E00B167F2 /* Frameworks */ = {
			isa = PBXFrameworksBuildPhase;
			buildActionMask = 2147483647;
			files = (
			);
			runOnlyForDeploymentPostprocessing = 0;
		};
/* End PBXFrameworksBuildPhase section */

/* Begin PBXGroup section */
		9590C6852A3DFB4C00B167F2 = {
			isa = PBXGroup;
			children = (
				9590C6902A3DFB4C00B167F2 /* Match 4x4 */,
				9590C6A72A3DFB4E00B167F2 /* Match 4x4Tests */,
				9590C6B12A3DFB4E00B167F2 /* Match 4x4UITests */,
				9590C68F2A3DFB4C00B167F2 /* Products */,
			);
			sourceTree = "<group>";
		};
		9590C68F2A3DFB4C00B167F2 /* Products */ = {
			isa = PBXGroup;
			children = (
				9590C68E2A3DFB4C00B167F2 /* Match 4x4.app */,
				9590C6A42A3DFB4E00B167F2 /* Match 4x4Tests.xctest */,
				9590C6AE2A3DFB4E00B167F2 /* Match 4x4UITests.xctest */,
			);
			name = Products;
			sourceTree = "<group>";
		};
		9590C6902A3DFB4C00B167F2 /* Match 4x4 */ = {
			isa = PBXGroup;
			children = (
				9590C6912A3DFB4C00B167F2 /* AppDelegate.swift */,
				9590C6932A3DFB4C00B167F2 /* SceneDelegate.swift */,
				9590C6952A3DFB4C00B167F2 /* ViewController.swift */,
				9590C6972A3DFB4C00B167F2 /* Main.storyboard */,
				9590C69A2A3DFB4E00B167F2 /* Assets.xcassets */,
				9590C69C2A3DFB4E00B167F2 /* LaunchScreen.storyboard */,
				9590C69F2A3DFB4E00B167F2 /* Info.plist */,
			);
			path = "Match 4x4";
			sourceTree = "<group>";
		};
		9590C6A72A3DFB4E00B167F2 /* Match 4x4Tests */ = {
			isa = PBXGroup;
			children = (
				9590C6A82A3DFB4E00B167F2 /* Match_4x4Tests.swift */,
			);
			path = "Match 4x4Tests";
			sourceTree = "<group>";
		};
		9590C6B12A3DFB4E00B167F2 /* Match 4x4UITests */ = {
			isa = PBXGroup;
			children = (
				9590C6B22A3DFB4E00B167F2 /* Match_4x4UITests.swift */,
				9590C6B42A3DFB4E00B167F2 /* Match_4x4UITestsLaunchTests.swift */,
			);
			path = "Match 4x4UITests";
			sourceTree = "<group>";
		};
/* End PBXGroup section */

/* Begin PBXNativeTarget section */
		9590C68D2A3DFB4C00B167F2 /* Match 4x4 */ = {
			isa = PBXNativeTarget;
			buildConfigurationList = 9590C6B82A3DFB4E00B167F2 /* Build configuration list for PBXNativeTarget "Match 4x4" */;
			buildPhases = (
				9590C68A2A3DFB4C00B167F2 /* Sources */,
				9590C68B2A3DFB4C00B167F2 /* Frameworks */,
				9590C68C2A3DFB4C00B167F2 /* Resources */,
			);
			buildRules = (
			);
			dependencies = (
			);
			name = "Match 4x4";
			productName = "Match 4x4";
			productReference = 9590C68E2A3DFB4C00B167F2 /* Match 4x4.app */;
			productType = "com.apple.product-type.application";
		};
		9590C6A32A3DFB4E00B167F2 /* Match 4x4Tests */ = {
			isa = PBXNativeTarget;
			buildConfigurationList = 9590C6BB2A3DFB4E00B167F2 /* Build configuration list for PBXNativeTarget "Match 4x4Tests" */;
			buildPhases = (
				9590C6A02A3DFB4E00B167F2 /* Sources */,
				9590C6A12A3DFB4E00B167F2 /* Frameworks */,
				9590C6A22A3DFB4E00B167F2 /* Resources */,
			);
			buildRules = (
			);
			dependencies = (
				9590C6A62A3DFB4E00B167F2 /* PBXTargetDependency */,
			);
			name = "Match 4x4Tests";
			productName = "Match 4x4Tests";
			productReference = 9590C6A42A3DFB4E00B167F2 /* Match 4x4Tests.xctest */;
			productType = "com.apple.product-type.bundle.unit-test";
		};
		9590C6AD2A3DFB4E00B167F2 /* Match 4x4UITests */ = {
			isa = PBXNativeTarget;
			buildConfigurationList = 9590C6BE2A3DFB4E00B167F2 /* Build configuration list for PBXNativeTarget "Match 4x4UITests" */;
			buildPhases = (
				9590C6AA2A3DFB4E00B167F2 /* Sources */,
				9590C6AB2A3DFB4E00B167F2 /* Frameworks */,
				9590C6AC2A3DFB4E00B167F2 /* Resources */,
			);
			buildRules = (
			);
			dependencies = (
				9590C6B02A3DFB4E00B167F2 /* PBXTargetDependency */,
			);
			name = "Match 4x4UITests";
			productName = "Match 4x4UITests";
			productReference = 9590C6AE2A3DFB4E00B167F2 /* Match 4x4UITests.xctest */;
			productType = "com.apple.product-type.bundle.ui-testing";
		};
/* End PBXNativeTarget section */

/* Begin PBXProject section */
		9590C6862A3DFB4C00B167F2 /* Project object */ = {
			isa = PBXProject;
			attributes = {
				BuildIndependentTargetsInParallel = 1;
				LastSwiftUpdateCheck = 1430;
				LastUpgradeCheck = 1430;
				TargetAttributes = {
					9590C68D2A3DFB4C00B167F2 = {
						CreatedOnToolsVersion = 14.3.1;
					};
					9590C6A32A3DFB4E00B167F2 = {
						CreatedOnToolsVersion = 14.3.1;
						TestTargetID = 9590C68D2A3DFB4C00B167F2;
					};
					9590C6AD2A3DFB4E00B167F2 = {
						CreatedOnToolsVersion = 14.3.1;
						TestTargetID = 9590C68D2A3DFB4C00B167F2;
					};
				};
			};
			buildConfigurationList = 9590C6892A3DFB4C00B167F2 /* Build configuration list for PBXProject "Match 4x4" */;
			compatibilityVersion = "Xcode 14.0";
			developmentRegion = en;
			hasScannedForEncodings = 0;
			knownRegions = (
				en,
				Base,
			);
			mainGroup = 9590C6852A3DFB4C00B167F2;
			productRefGroup = 9590C68F2A3DFB4C00B167F2 /* Products */;
			projectDirPath = "";
			projectRoot = "";
			targets = (
				9590C68D2A3DFB4C00B167F2 /* Match 4x4 */,
				9590C6A32A3DFB4E00B167F2 /* Match 4x4Tests */,
				9590C6AD2A3DFB4E00B167F2 /* Match 4x4UITests */,
			);
		};
/* End PBXProject section */

/* Begin PBXResourcesBuildPhase section */
		9590C68C2A3DFB4C00B167F2 /* Resources */ = {
			isa = PBXResourcesBuildPhase;
			buildActionMask = 2147483647;
			files = (
				9590C69E2A3DFB4E00B167F2 /* LaunchScreen.storyboard in Resources */,
				9590C69B2A3DFB4E00B167F2 /* Assets.xcassets in Resources */,
				9590C6992A3DFB4C00B167F2 /* Main.storyboard in Resources */,
			);
			runOnlyForDeploymentPostprocessing = 0;
		};
		9590C6A22A3DFB4E00B167F2 /* Resources */ = {
			isa = PBXResourcesBuildPhase;
			buildActionMask = 2147483647;
			files = (
			);
			runOnlyForDeploymentPostprocessing = 0;
		};
		9590C6AC2A3DFB4E00B167F2 /* Resources */ = {
			isa = PBXResourcesBuildPhase;
			buildActionMask = 2147483647;
			files = (
			);
			runOnlyForDeploymentPostprocessing = 0;
		};
/* End PBXResourcesBuildPhase section */

/* Begin PBXSourcesBuildPhase section */
		9590C68A2A3DFB4C00B167F2 /* Sources */ = {
			isa = PBXSourcesBuildPhase;
			buildActionMask = 2147483647;
			files = (
				9590C6962A3DFB4C00B167F2 /* ViewController.swift in Sources */,
				9590C6922A3DFB4C00B167F2 /* AppDelegate.swift in Sources */,
				9590C6942A3DFB4C00B167F2 /* SceneDelegate.swift in Sources */,
			);
			runOnlyForDeploymentPostprocessing = 0;
		};
		9590C6A02A3DFB4E00B167F2 /* Sources */ = {
			isa = PBXSourcesBuildPhase;
			buildActionMask = 2147483647;
			files = (
				9590C6A92A3DFB4E00B167F2 /* Match_4x4Tests.swift in Sources */,
			);
			runOnlyForDeploymentPostprocessing = 0;
		};
		9590C6AA2A3DFB4E00B167F2 /* Sources */ = {
			isa = PBXSourcesBuildPhase;
			buildActionMask = 2147483647;
			files = (
				9590C6B32A3DFB4E00B167F2 /* Match_4x4UITests.swift in Sources */,
				9590C6B52A3DFB4E00B167F2 /* Match_4x4UITestsLaunchTests.swift in Sources */,
			);
			runOnlyForDeploymentPostprocessing = 0;
		};
/* End PBXSourcesBuildPhase section */

/* Begin PBXTargetDependency section */
		9590C6A62A3DFB4E00B167F2 /* PBXTargetDependency */ = {
			isa = PBXTargetDependency;
			target = 9590C68D2A3DFB4C00B167F2 /* Match 4x4 */;
			targetProxy = 9590C6A52A3DFB4E00B167F2 /* PBXContainerItemProxy */;
		};
		9590C6B02A3DFB4E00B167F2 /* PBXTargetDependency */ = {
			isa = PBXTargetDependency;
			target = 9590C68D2A3DFB4C00B167F2 /* Match 4x4 */;
			targetProxy = 9590C6AF2A3DFB4E00B167F2 /* PBXContainerItemProxy */;
		};
/* End PBXTargetDependency section */

/* Begin PBXVariantGroup section */
		9590C6972A3DFB4C00B167F2 /* Main.storyboard */ = {
			isa = PBXVariantGroup;
			children = (
				9590C6982A3DFB4C00B167F2 /* Base */,
			);
			name = Main.storyboard;
			sourceTree = "<group>";
		};
		9590C69C2A3DFB4E00B167F2 /* LaunchScreen.storyboard */ = {
			isa = PBXVariantGroup;
			children = (
				9590C69D2A3DFB4E00B167F2 /* Base */,
			);
			name = LaunchScreen.storyboard;
			sourceTree = "<group>";
		};
/* End PBXVariantGroup section */

/* Begin XCBuildConfiguration section */
		9590C6B62A3DFB4E00B167F2 /* Debug */ = {
			isa = XCBuildConfiguration;
			buildSettings = {
				ALWAYS_SEARCH_USER_PATHS = NO;
				CLANG_ANALYZER_NONNULL = YES;
				CLANG_ANALYZER_NUMBER_OBJECT_CONVERSION = YES_AGGRESSIVE;
				CLANG_CXX_LANGUAGE_STANDARD = "gnu++20";
				CLANG_ENABLE_MODULES = YES;
				CLANG_ENABLE_OBJC_ARC = YES;
				CLANG_ENABLE_OBJC_WEAK = YES;
				CLANG_WARN_BLOCK_CAPTURE_AUTORELEASING = YES;
				CLANG_WARN_BOOL_CONVERSION = YES;
				CLANG_WARN_COMMA = YES;
				CLANG_WARN_CONSTANT_CONVERSION = YES;
				CLANG_WARN_DEPRECATED_OBJC_IMPLEMENTATIONS = YES;
				CLANG_WARN_DIRECT_OBJC_ISA_USAGE = YES_ERROR;
				CLANG_WARN_DOCUMENTATION_COMMENTS = YES;
				CLANG_WARN_EMPTY_BODY = YES;
				CLANG_WARN_ENUM_CONVERSION = YES;
				CLANG_WARN_INFINITE_RECURSION = YES;
				CLANG_WARN_INT_CONVERSION = YES;
				CLANG_WARN_NON_LITERAL_NULL_CONVERSION = YES;
				CLANG_WARN_OBJC_IMPLICIT_RETAIN_SELF = YES;
				CLANG_WARN_OBJC_LITERAL_CONVERSION = YES;
				CLANG_WARN_OBJC_ROOT_CLASS = YES_ERROR;
				CLANG_WARN_QUOTED_INCLUDE_IN_FRAMEWORK_HEADER = YES;
				CLANG_WARN_RANGE_LOOP_ANALYSIS = YES;
				CLANG_WARN_STRICT_PROTOTYPES = YES;
				CLANG_WARN_SUSPICIOUS_MOVE = YES;
				CLANG_WARN_UNGUARDED_AVAILABILITY = YES_AGGRESSIVE;
				CLANG_WARN_UNREACHABLE_CODE = YES;
				CLANG_WARN__DUPLICATE_METHOD_MATCH = YES;
				COPY_PHASE_STRIP = NO;
				DEBUG_INFORMATION_FORMAT = dwarf;
				ENABLE_STRICT_OBJC_MSGSEND = YES;
				ENABLE_TESTABILITY = YES;
				GCC_C_LANGUAGE_STANDARD = gnu11;
				GCC_DYNAMIC_NO_PIC = NO;
				GCC_NO_COMMON_BLOCKS = YES;
				GCC_OPTIMIZATION_LEVEL = 0;
				GCC_PREPROCESSOR_DEFINITIONS = (
					"DEBUG=1",
					"$(inherited)",
				);
				GCC_WARN_64_TO_32_BIT_CONVERSION = YES;
				GCC_WARN_ABOUT_RETURN_TYPE = YES_ERROR;
				GCC_WARN_UNDECLARED_SELECTOR = YES;
				GCC_WARN_UNINITIALIZED_AUTOS = YES_AGGRESSIVE;
				GCC_WARN_UNUSED_FUNCTION = YES;
				GCC_WARN_UNUSED_VARIABLE = YES;
				IPHONEOS_DEPLOYMENT_TARGET = 16.4;
				MTL_ENABLE_DEBUG_INFO = INCLUDE_SOURCE;
				MTL_FAST_MATH = YES;
				ONLY_ACTIVE_ARCH = YES;
				SDKROOT = iphoneos;
				SWIFT_ACTIVE_COMPILATION_CONDITIONS = DEBUG;
				SWIFT_OPTIMIZATION_LEVEL = "-Onone";
			};
			name = Debug;
		};
		9590C6B72A3DFB4E00B167F2 /* Release */ = {
			isa = XCBuildConfiguration;
			buildSettings = {
				ALWAYS_SEARCH_USER_PATHS = NO;
				CLANG_ANALYZER_NONNULL = YES;
				CLANG_ANALYZER_NUMBER_OBJECT_CONVERSION = YES_AGGRESSIVE;
				CLANG_CXX_LANGUAGE_STANDARD = "gnu++20";
				CLANG_ENABLE_MODULES = YES;
				CLANG_ENABLE_OBJC_ARC = YES;
				CLANG_ENABLE_OBJC_WEAK = YES;
				CLANG_WARN_BLOCK_CAPTURE_AUTORELEASING = YES;
				CLANG_WARN_BOOL_CONVERSION = YES;
				CLANG_WARN_COMMA = YES;
				CLANG_WARN_CONSTANT_CONVERSION = YES;
				CLANG_WARN_DEPRECATED_OBJC_IMPLEMENTATIONS = YES;
				CLANG_WARN_DIRECT_OBJC_ISA_USAGE = YES_ERROR;
				CLANG_WARN_DOCUMENTATION_COMMENTS = YES;
				CLANG_WARN_EMPTY_BODY = YES;
				CLANG_WARN_ENUM_CONVERSION = YES;
				CLANG_WARN_INFINITE_RECURSION = YES;
				CLANG_WARN_INT_CONVERSION = YES;
				CLANG_WARN_NON_LITERAL_NULL_CONVERSION = YES;
				CLANG_WARN_OBJC_IMPLICIT_RETAIN_SELF = YES;
				CLANG_WARN_OBJC_LITERAL_CONVERSION = YES;
				CLANG_WARN_OBJC_ROOT_CLASS = YES_ERROR;
				CLANG_WARN_QUOTED_INCLUDE_IN_FRAMEWORK_HEADER = YES;
				CLANG_WARN_RANGE_LOOP_ANALYSIS = YES;
				CLANG_WARN_STRICT_PROTOTYPES = YES;
				CLANG_WARN_SUSPICIOUS_MOVE = YES;
				CLANG_WARN_UNGUARDED_AVAILABILITY = YES_AGGRESSIVE;
				CLANG_WARN_UNREACHABLE_CODE = YES;
				CLANG_WARN__DUPLICATE_METHOD_MATCH = YES;
				COPY_PHASE_STRIP = NO;
				DEBUG_INFORMATION_FORMAT = "dwarf-with-dsym";
				ENABLE_NS_ASSERTIONS = NO;
				ENABLE_STRICT_OBJC_MSGSEND = YES;
				GCC_C_LANGUAGE_STANDARD = gnu11;
				GCC_NO_COMMON_BLOCKS = YES;
				GCC_WARN_64_TO_32_BIT_CONVERSION = YES;
				GCC_WARN_ABOUT_RETURN_TYPE = YES_ERROR;
				GCC_WARN_UNDECLARED_SELECTOR = YES;
				GCC_WARN_UNINITIALIZED_AUTOS = YES_AGGRESSIVE;
				GCC_WARN_UNUSED_FUNCTION = YES;
				GCC_WARN_UNUSED_VARIABLE = YES;
				IPHONEOS_DEPLOYMENT_TARGET = 16.4;
				MTL_ENABLE_DEBUG_INFO = NO;
				MTL_FAST_MATH = YES;
				SDKROOT = iphoneos;
				SWIFT_COMPILATION_MODE = wholemodule;
				SWIFT_OPTIMIZATION_LEVEL = "-O";
				VALIDATE_PRODUCT = YES;
			};
			name = Release;
		};
		9590C6B92A3DFB4E00B167F2 /* Debug */ = {
			isa = XCBuildConfiguration;
			buildSettings = {
				ASSETCATALOG_COMPILER_APPICON_NAME = AppIcon;
				ASSETCATALOG_COMPILER_GLOBAL_ACCENT_COLOR_NAME = AccentColor;
				CODE_SIGN_STYLE = Automatic;
				CURRENT_PROJECT_VERSION = 1;
				GENERATE_INFOPLIST_FILE = YES;
				INFOPLIST_FILE = "Match 4x4/Info.plist";
				INFOPLIST_KEY_UIApplicationSupportsIndirectInputEvents = YES;
				INFOPLIST_KEY_UILaunchStoryboardName = LaunchScreen;
				INFOPLIST_KEY_UIMainStoryboardFile = Main;
				INFOPLIST_KEY_UISupportedInterfaceOrientations_iPad = "UIInterfaceOrientationPortrait UIInterfaceOrientationPortraitUpsideDown UIInterfaceOrientationLandscapeLeft UIInterfaceOrientationLandscapeRight";
				INFOPLIST_KEY_UISupportedInterfaceOrientations_iPhone = "UIInterfaceOrientationPortrait UIInterfaceOrientationLandscapeLeft UIInterfaceOrientationLandscapeRight";
				LD_RUNPATH_SEARCH_PATHS = (
					"$(inherited)",
					"@executable_path/Frameworks",
				);
				MARKETING_VERSION = 1.0;
				PRODUCT_BUNDLE_IDENTIFIER = "diasskk.Match-4x4";
				PRODUCT_NAME = "$(TARGET_NAME)";
				SWIFT_EMIT_LOC_STRINGS = YES;
				SWIFT_VERSION = 5.0;
				TARGETED_DEVICE_FAMILY = "1,2";
			};
			name = Debug;
		};
		9590C6BA2A3DFB4E00B167F2 /* Release */ = {
			isa = XCBuildConfiguration;
			buildSettings = {
				ASSETCATALOG_COMPILER_APPICON_NAME = AppIcon;
				ASSETCATALOG_COMPILER_GLOBAL_ACCENT_COLOR_NAME = AccentColor;
				CODE_SIGN_STYLE = Automatic;
				CURRENT_PROJECT_VERSION = 1;
				GENERATE_INFOPLIST_FILE = YES;
				INFOPLIST_FILE = "Match 4x4/Info.plist";
				INFOPLIST_KEY_UIApplicationSupportsIndirectInputEvents = YES;
				INFOPLIST_KEY_UILaunchStoryboardName = LaunchScreen;
				INFOPLIST_KEY_UIMainStoryboardFile = Main;
				INFOPLIST_KEY_UISupportedInterfaceOrientations_iPad = "UIInterfaceOrientationPortrait UIInterfaceOrientationPortraitUpsideDown UIInterfaceOrientationLandscapeLeft UIInterfaceOrientationLandscapeRight";
				INFOPLIST_KEY_UISupportedInterfaceOrientations_iPhone = "UIInterfaceOrientationPortrait UIInterfaceOrientationLandscapeLeft UIInterfaceOrientationLandscapeRight";
				LD_RUNPATH_SEARCH_PATHS = (
					"$(inherited)",
					"@executable_path/Frameworks",
				);
				MARKETING_VERSION = 1.0;
				PRODUCT_BUNDLE_IDENTIFIER = "diasskk.Match-4x4";
				PRODUCT_NAME = "$(TARGET_NAME)";
				SWIFT_EMIT_LOC_STRINGS = YES;
				SWIFT_VERSION = 5.0;
				TARGETED_DEVICE_FAMILY = "1,2";
			};
			name = Release;
		};
		9590C6BC2A3DFB4E00B167F2 /* Debug */ = {
			isa = XCBuildConfiguration;
			buildSettings = {
				ALWAYS_EMBED_SWIFT_STANDARD_LIBRARIES = YES;
				BUNDLE_LOADER = "$(TEST_HOST)";
				CODE_SIGN_STYLE = Automatic;
				CURRENT_PROJECT_VERSION = 1;
				GENERATE_INFOPLIST_FILE = YES;
				IPHONEOS_DEPLOYMENT_TARGET = 16.4;
				MARKETING_VERSION = 1.0;
				PRODUCT_BUNDLE_IDENTIFIER = "diasskk.Match-4x4Tests";
				PRODUCT_NAME = "$(TARGET_NAME)";
				SWIFT_EMIT_LOC_STRINGS = NO;
				SWIFT_VERSION = 5.0;
				TARGETED_DEVICE_FAMILY = "1,2";
				TEST_HOST = "$(BUILT_PRODUCTS_DIR)/Match 4x4.app/$(BUNDLE_EXECUTABLE_FOLDER_PATH)/Match 4x4";
			};
			name = Debug;
		};
		9590C6BD2A3DFB4E00B167F2 /* Release */ = {
			isa = XCBuildConfiguration;
			buildSettings = {
				ALWAYS_EMBED_SWIFT_STANDARD_LIBRARIES = YES;
				BUNDLE_LOADER = "$(TEST_HOST)";
				CODE_SIGN_STYLE = Automatic;
				CURRENT_PROJECT_VERSION = 1;
				GENERATE_INFOPLIST_FILE = YES;
				IPHONEOS_DEPLOYMENT_TARGET = 16.4;
				MARKETING_VERSION = 1.0;
				PRODUCT_BUNDLE_IDENTIFIER = "diasskk.Match-4x4Tests";
				PRODUCT_NAME = "$(TARGET_NAME)";
				SWIFT_EMIT_LOC_STRINGS = NO;
				SWIFT_VERSION = 5.0;
				TARGETED_DEVICE_FAMILY = "1,2";
				TEST_HOST = "$(BUILT_PRODUCTS_DIR)/Match 4x4.app/$(BUNDLE_EXECUTABLE_FOLDER_PATH)/Match 4x4";
			};
			name = Release;
		};
		9590C6BF2A3DFB4E00B167F2 /* Debug */ = {
			isa = XCBuildConfiguration;
			buildSettings = {
				ALWAYS_EMBED_SWIFT_STANDARD_LIBRARIES = YES;
				CODE_SIGN_STYLE = Automatic;
				CURRENT_PROJECT_VERSION = 1;
				GENERATE_INFOPLIST_FILE = YES;
				MARKETING_VERSION = 1.0;
				PRODUCT_BUNDLE_IDENTIFIER = "diasskk.Match-4x4UITests";
				PRODUCT_NAME = "$(TARGET_NAME)";
				SWIFT_EMIT_LOC_STRINGS = NO;
				SWIFT_VERSION = 5.0;
				TARGETED_DEVICE_FAMILY = "1,2";
				TEST_TARGET_NAME = "Match 4x4";
			};
			name = Debug;
		};
		9590C6C02A3DFB4E00B167F2 /* Release */ = {
			isa = XCBuildConfiguration;
			buildSettings = {
				ALWAYS_EMBED_SWIFT_STANDARD_LIBRARIES = YES;
				CODE_SIGN_STYLE = Automatic;
				CURRENT_PROJECT_VERSION = 1;
				GENERATE_INFOPLIST_FILE = YES;
				MARKETING_VERSION = 1.0;
				PRODUCT_BUNDLE_IDENTIFIER = "diasskk.Match-4x4UITests";
				PRODUCT_NAME = "$(TARGET_NAME)";
				SWIFT_EMIT_LOC_STRINGS = NO;
				SWIFT_VERSION = 5.0;
				TARGETED_DEVICE_FAMILY = "1,2";
				TEST_TARGET_NAME = "Match 4x4";
			};
			name = Release;
		};
/* End XCBuildConfiguration section */

/* Begin XCConfigurationList section */
		9590C6892A3DFB4C00B167F2 /* Build configuration list for PBXProject "Match 4x4" */ = {
			isa = XCConfigurationList;
			buildConfigurations = (
				9590C6B62A3DFB4E00B167F2 /* Debug */,
				9590C6B72A3DFB4E00B167F2 /* Release */,
			);
			defaultConfigurationIsVisible = 0;
			defaultConfigurationName = Release;
		};
		9590C6B82A3DFB4E00B167F2 /* Build configuration list for PBXNativeTarget "Match 4x4" */ = {
			isa = XCConfigurationList;
			buildConfigurations = (
				9590C6B92A3DFB4E00B167F2 /* Debug */,
				9590C6BA2A3DFB4E00B167F2 /* Release */,
			);
			defaultConfigurationIsVisible = 0;
			defaultConfigurationName = Release;
		};
		9590C6BB2A3DFB4E00B167F2 /* Build configuration list for PBXNativeTarget "Match 4x4Tests" */ = {
			isa = XCConfigurationList;
			buildConfigurations = (
				9590C6BC2A3DFB4E00B167F2 /* Debug */,
				9590C6BD2A3DFB4E00B167F2 /* Release */,
			);
			defaultConfigurationIsVisible = 0;
			defaultConfigurationName = Release;
		};
		9590C6BE2A3DFB4E00B167F2 /* Build configuration list for PBXNativeTarget "Match 4x4UITests" */ = {
			isa = XCConfigurationList;
			buildConfigurations = (
				9590C6BF2A3DFB4E00B167F2 /* Debug */,
				9590C6C02A3DFB4E00B167F2 /* Release */,
			);
			defaultConfigurationIsVisible = 0;
			defaultConfigurationName = Release;
		};
/* End XCConfigurationList section */
	};
	rootObject = 9590C6862A3DFB4C00B167F2 /* Project object */;
}
